
Microsoft Visual Studio Solution File, Format Version 12.00
# Visual Studio Version 16
VisualStudioVersion = 16.0.30503.244
MinimumVisualStudioVersion = 10.0.40219.1
Project("{FAE04EC0-301F-11D3-BF4B-00C04F79EFBC}") = "SOAP_WebService", "SOAP_WebService.csproj", "{BF325BFB-FC12-4DC9-95B7-71B7598617B5}"
EndProject
Project("{FAE04EC0-301F-11D3-BF4B-00C04F79EFBC}") = "ClientWinFormApp", "..\ClientWinFormApp\ClientWinFormApp.csproj", "{6EF0C84B-D0F7-4CA4-BC03-027376973279}"
	ProjectSection(ProjectDependencies) = postProject
		{BF325BFB-FC12-4DC9-95B7-71B7598617B5} = {BF325BFB-FC12-4DC9-95B7-71B7598617B5}
	EndProjectSection
EndProject
Project("{FAE04EC0-301F-11D3-BF4B-00C04F79EFBC}") = "UnitTestProject", "..\UnitTestProject\UnitTestProject.csproj", "{19D877B9-6352-496C-964C-6AA9B61073FB}"
EndProject
Global
	GlobalSection(SolutionConfigurationPlatforms) = preSolution
		Debug|Any CPU = Debug|Any CPU
		Release|Any CPU = Release|Any CPU
	EndGlobalSection
	GlobalSection(ProjectConfigurationPlatforms) = postSolution
		{BF325BFB-FC12-4DC9-95B7-71B7598617B5}.Debug|Any CPU.ActiveCfg = Debug|Any CPU
		{BF325BFB-FC12-4DC9-95B7-71B7598617B5}.Debug|Any CPU.Build.0 = Debug|Any CPU
		{BF325BFB-FC12-4DC9-95B7-71B7598617B5}.Release|Any CPU.ActiveCfg = Release|Any CPU
		{BF325BFB-FC12-4DC9-95B7-71B7598617B5}.Release|Any CPU.Build.0 = Release|Any CPU
		{6EF0C84B-D0F7-4CA4-BC03-027376973279}.Debug|Any CPU.ActiveCfg = Debug|Any CPU
		{6EF0C84B-D0F7-4CA4-BC03-027376973279}.Debug|Any CPU.Build.0 = Debug|Any CPU
		{6EF0C84B-D0F7-4CA4-BC03-027376973279}.Release|Any CPU.ActiveCfg = Release|Any CPU
		{6EF0C84B-D0F7-4CA4-BC03-027376973279}.Release|Any CPU.Build.0 = Release|Any CPU
		{19D877B9-6352-496C-964C-6AA9B61073FB}.Debug|Any CPU.ActiveCfg = Debug|Any CPU
		{19D877B9-6352-496C-964C-6AA9B61073FB}.Debug|Any CPU.Build.0 = Debug|Any CPU
		{19D877B9-6352-496C-964C-6AA9B61073FB}.Release|Any CPU.ActiveCfg = Release|Any CPU
		{19D877B9-6352-496C-964C-6AA9B61073FB}.Release|Any CPU.Build.0 = Release|Any CPU
	EndGlobalSection
	GlobalSection(SolutionProperties) = preSolution
		HideSolutionNode = FALSE
	EndGlobalSection
	GlobalSection(ExtensibilityGlobals) = postSolution
		SolutionGuid = {8BE9CBD4-1DC5-417C-8984-26F617757D27}
	EndGlobalSection
EndGlobal
